
Microsoft Visual Studio Solution File, Format Version 12.00
# Visual Studio Version 17
VisualStudioVersion = 17.7.33927.210
MinimumVisualStudioVersion = 10.0.40219.1
Project("{2150E333-8FDC-42A3-9474-1A3956D46DE8}") = "Gateway", "Gateway", "{3F3CC82F-D767-4B28-82F3-EDC38DE5DB2A}"
EndProject
Project("{9A19103F-16F7-4668-BE54-9A1E7A4F7556}") = "Gateway", "Gateway\Gateway.csproj", "{B7AC85EC-8C4F-43BD-BA5F-984B16081954}"
EndProject
Project("{2150E333-8FDC-42A3-9474-1A3956D46DE8}") = "Services", "Services", "{0BA961E4-FFCD-4A84-9150-1CA99DA555B7}"
EndProject
Project("{9A19103F-16F7-4668-BE54-9A1E7A4F7556}") = "AuthAPI", "AuthAPI\AuthAPI.csproj", "{4CC195B4-3150-4CA7-9453-B82FF470B995}"
EndProject
Project("{9A19103F-16F7-4668-BE54-9A1E7A4F7556}") = "VisaAPI", "VisaAPI\VisaAPI.csproj", "{54F9DEB0-DE31-4013-B697-D3BA9927067D}"
EndProject
Project("{FAE04EC0-301F-11D3-BF4B-00C04F79EFBC}") = "AdminAPI", "AdminAPI\AdminAPI.csproj", "{5546ADD9-E288-4418-BBFA-6B1D26160F11}"
EndProject
Global
	GlobalSection(SolutionConfigurationPlatforms) = preSolution
		Debug|Any CPU = Debug|Any CPU
		Release|Any CPU = Release|Any CPU
	EndGlobalSection
	GlobalSection(ProjectConfigurationPlatforms) = postSolution
		{B7AC85EC-8C4F-43BD-BA5F-984B16081954}.Debug|Any CPU.ActiveCfg = Debug|Any CPU
		{B7AC85EC-8C4F-43BD-BA5F-984B16081954}.Debug|Any CPU.Build.0 = Debug|Any CPU
		{B7AC85EC-8C4F-43BD-BA5F-984B16081954}.Release|Any CPU.ActiveCfg = Release|Any CPU
		{B7AC85EC-8C4F-43BD-BA5F-984B16081954}.Release|Any CPU.Build.0 = Release|Any CPU
		{4CC195B4-3150-4CA7-9453-B82FF470B995}.Debug|Any CPU.ActiveCfg = Debug|Any CPU
		{4CC195B4-3150-4CA7-9453-B82FF470B995}.Debug|Any CPU.Build.0 = Debug|Any CPU
		{4CC195B4-3150-4CA7-9453-B82FF470B995}.Release|Any CPU.ActiveCfg = Release|Any CPU
		{4CC195B4-3150-4CA7-9453-B82FF470B995}.Release|Any CPU.Build.0 = Release|Any CPU
		{54F9DEB0-DE31-4013-B697-D3BA9927067D}.Debug|Any CPU.ActiveCfg = Debug|Any CPU
		{54F9DEB0-DE31-4013-B697-D3BA9927067D}.Debug|Any CPU.Build.0 = Debug|Any CPU
		{54F9DEB0-DE31-4013-B697-D3BA9927067D}.Release|Any CPU.ActiveCfg = Release|Any CPU
		{54F9DEB0-DE31-4013-B697-D3BA9927067D}.Release|Any CPU.Build.0 = Release|Any CPU
		{5546ADD9-E288-4418-BBFA-6B1D26160F11}.Debug|Any CPU.ActiveCfg = Debug|Any CPU
		{5546ADD9-E288-4418-BBFA-6B1D26160F11}.Debug|Any CPU.Build.0 = Debug|Any CPU
		{5546ADD9-E288-4418-BBFA-6B1D26160F11}.Release|Any CPU.ActiveCfg = Release|Any CPU
		{5546ADD9-E288-4418-BBFA-6B1D26160F11}.Release|Any CPU.Build.0 = Release|Any CPU
	EndGlobalSection
	GlobalSection(SolutionProperties) = preSolution
		HideSolutionNode = FALSE
	EndGlobalSection
	GlobalSection(NestedProjects) = preSolution
		{B7AC85EC-8C4F-43BD-BA5F-984B16081954} = {3F3CC82F-D767-4B28-82F3-EDC38DE5DB2A}
		{4CC195B4-3150-4CA7-9453-B82FF470B995} = {0BA961E4-FFCD-4A84-9150-1CA99DA555B7}
		{54F9DEB0-DE31-4013-B697-D3BA9927067D} = {0BA961E4-FFCD-4A84-9150-1CA99DA555B7}
		{5546ADD9-E288-4418-BBFA-6B1D26160F11} = {0BA961E4-FFCD-4A84-9150-1CA99DA555B7}
	EndGlobalSection
	GlobalSection(ExtensibilityGlobals) = postSolution
		SolutionGuid = {74606FDF-B9A9-44DE-AA3C-FF021893CF7D}
	EndGlobalSection
EndGlobal
